
Microsoft Visual Studio Solution File, Format Version 12.00
# Visual Studio Version 16
VisualStudioVersion = 16.0.31829.152
MinimumVisualStudioVersion = 10.0.40219.1
Project("{FAE04EC0-301F-11D3-BF4B-00C04F79EFBC}") = "abstract factory", "abstract factory\abstract factory.csproj", "{87FC97F9-EEA9-460D-B440-0B007F52C42F}"
EndProject
Global
	GlobalSection(SolutionConfigurationPlatforms) = preSolution
		Debug|Any CPU = Debug|Any CPU
		Release|Any CPU = Release|Any CPU
	EndGlobalSection
	GlobalSection(ProjectConfigurationPlatforms) = postSolution
		{87FC97F9-EEA9-460D-B440-0B007F52C42F}.Debug|Any CPU.ActiveCfg = Debug|Any CPU
		{87FC97F9-EEA9-460D-B440-0B007F52C42F}.Debug|Any CPU.Build.0 = Debug|Any CPU
		{87FC97F9-EEA9-460D-B440-0B007F52C42F}.Release|Any CPU.ActiveCfg = Release|Any CPU
		{87FC97F9-EEA9-460D-B440-0B007F52C42F}.Release|Any CPU.Build.0 = Release|Any CPU
	EndGlobalSection
	GlobalSection(SolutionProperties) = preSolution
		HideSolutionNode = FALSE
	EndGlobalSection
	GlobalSection(ExtensibilityGlobals) = postSolution
		SolutionGuid = {822AC197-9A40-4DF1-AB98-E77AF3EDA60F}
	EndGlobalSection
EndGlobal
